
Microsoft Visual Studio Solution File, Format Version 12.00
# Visual Studio Version 16
VisualStudioVersion = 16.0.30114.105
MinimumVisualStudioVersion = 10.0.40219.1
Project("{FAE04EC0-301F-11D3-BF4B-00C04F79EFBC}") = "WebApplication1", "WebApplication1\WebApplication1.csproj", "{E637EF6C-B17D-4FB3-9DA0-3C1D109848D7}"
EndProject
Global
	GlobalSection(SolutionConfigurationPlatforms) = preSolution
		Debug|Any CPU = Debug|Any CPU
		Release|Any CPU = Release|Any CPU
	EndGlobalSection
	GlobalSection(ProjectConfigurationPlatforms) = postSolution
		{E637EF6C-B17D-4FB3-9DA0-3C1D109848D7}.Debug|Any CPU.ActiveCfg = Debug|Any CPU
		{E637EF6C-B17D-4FB3-9DA0-3C1D109848D7}.Debug|Any CPU.Build.0 = Debug|Any CPU
		{E637EF6C-B17D-4FB3-9DA0-3C1D109848D7}.Release|Any CPU.ActiveCfg = Release|Any CPU
		{E637EF6C-B17D-4FB3-9DA0-3C1D109848D7}.Release|Any CPU.Build.0 = Release|Any CPU
	EndGlobalSection
	GlobalSection(SolutionProperties) = preSolution
		HideSolutionNode = FALSE
	EndGlobalSection
	GlobalSection(ExtensibilityGlobals) = postSolution
		SolutionGuid = {730A3F89-92AF-48B3-858D-8CBD397C2FA6}
	EndGlobalSection
EndGlobal
